// !$*UTF8*$!
{
	archiveVersion = 1;
	classes = {
	};
	objectVersion = 46;
	objects = {

/* Begin PBXBuildFile section */
		16CDDECC1BB419B4002EDBD0 /* main.m in Sources */ = {isa = PBXBuildFile; fileRef = 16CDDECB1BB419B4002EDBD0 /* main.m */; };
		16CDDECF1BB419B4002EDBD0 /* AppDelegate.m in Sources */ = {isa = PBXBuildFile; fileRef = 16CDDECE1BB419B4002EDBD0 /* AppDelegate.m */; };
		16CDDED71BB419B4002EDBD0 /* Assets.xcassets in Resources */ = {isa = PBXBuildFile; fileRef = 16CDDED61BB419B4002EDBD0 /* Assets.xcassets */; };
		16CDDEDA1BB419B4002EDBD0 /* LaunchScreen.storyboard in Resources */ = {isa = PBXBuildFile; fileRef = 16CDDED81BB419B4002EDBD0 /* LaunchScreen.storyboard */; };
		16CDDEE51BB419B5002EDBD0 /* QQmusicDEMOTests.m in Sources */ = {isa = PBXBuildFile; fileRef = 16CDDEE41BB419B5002EDBD0 /* QQmusicDEMOTests.m */; };
		16CDDEF01BB419B5002EDBD0 /* QQmusicDEMOUITests.m in Sources */ = {isa = PBXBuildFile; fileRef = 16CDDEEF1BB419B5002EDBD0 /* QQmusicDEMOUITests.m */; };
		16CDDF001BB41C3D002EDBD0 /* MusicViewController.m in Sources */ = {isa = PBXBuildFile; fileRef = 16CDDEFE1BB41C3D002EDBD0 /* MusicViewController.m */; settings = {ASSET_TAGS = (); }; };
		16CDDF011BB41C3D002EDBD0 /* MusicViewController.xib in Resources */ = {isa = PBXBuildFile; fileRef = 16CDDEFF1BB41C3D002EDBD0 /* MusicViewController.xib */; settings = {ASSET_TAGS = (); }; };
		16CDDF031BB42194002EDBD0 /* anheqiao.jpg in Resources */ = {isa = PBXBuildFile; fileRef = 16CDDF021BB42194002EDBD0 /* anheqiao.jpg */; settings = {ASSET_TAGS = (); }; };
		16CDDF061BB42301002EDBD0 /* gala.jpg in Resources */ = {isa = PBXBuildFile; fileRef = 16CDDF051BB42301002EDBD0 /* gala.jpg */; settings = {ASSET_TAGS = (); }; };
		16CE82731BB5066A000605CC /* CoreImage.framework in Frameworks */ = {isa = PBXBuildFile; fileRef = 16CE82711BB5066A000605CC /* CoreImage.framework */; };
		16CE82781BB521B0000605CC /* play.png in Resources */ = {isa = PBXBuildFile; fileRef = 16CE82771BB521B0000605CC /* play.png */; settings = {ASSET_TAGS = (); }; };
		16CE827E1BB52535000605CC /* AVFoundation.framework in Frameworks */ = {isa = PBXBuildFile; fileRef = 16CE827D1BB52534000605CC /* AVFoundation.framework */; };
		16CE82811BB529F0000605CC /* Musiclrc.m in Sources */ = {isa = PBXBuildFile; fileRef = 16CE82801BB529F0000605CC /* Musiclrc.m */; settings = {ASSET_TAGS = (); }; };
		16CE82841BB52BCA000605CC /* gala.lrc in Resources */ = {isa = PBXBuildFile; fileRef = 16CE82821BB52BCA000605CC /* gala.lrc */; settings = {ASSET_TAGS = (); }; };
		16CE82851BB52BCA000605CC /* gala.mp3 in Resources */ = {isa = PBXBuildFile; fileRef = 16CE82831BB52BCA000605CC /* gala.mp3 */; settings = {ASSET_TAGS = (); }; };
/* End PBXBuildFile section */

/* Begin PBXContainerItemProxy section */
		16CDDEE11BB419B5002EDBD0 /* PBXContainerItemProxy */ = {
			isa = PBXContainerItemProxy;
			containerPortal = 16CDDEBF1BB419B4002EDBD0 /* Project object */;
			proxyType = 1;
			remoteGlobalIDString = 16CDDEC61BB419B4002EDBD0;
			remoteInfo = QQmusicDEMO;
		};
		16CDDEEC1BB419B5002EDBD0 /* PBXContainerItemProxy */ = {
			isa = PBXContainerItemProxy;
			containerPortal = 16CDDEBF1BB419B4002EDBD0 /* Project object */;
			proxyType = 1;
			remoteGlobalIDString = 16CDDEC61BB419B4002EDBD0;
			remoteInfo = QQmusicDEMO;
		};
/* End PBXContainerItemProxy section */

/* Begin PBXFileReference section */
		16CDDEC71BB419B4002EDBD0 /* QQmusicDEMO.app */ = {isa = PBXFileReference; explicitFileType = wrapper.application; includeInIndex = 0; path = QQmusicDEMO.app; sourceTree = BUILT_PRODUCTS_DIR; };
		16CDDECB1BB419B4002EDBD0 /* main.m */ = {isa = PBXFileReference; lastKnownFileType = sourcecode.c.objc; path = main.m; sourceTree = "<group>"; };
		16CDDECD1BB419B4002EDBD0 /* AppDelegate.h */ = {isa = PBXFileReference; lastKnownFileType = sourcecode.c.h; path = AppDelegate.h; sourceTree = "<group>"; };
		16CDDECE1BB419B4002EDBD0 /* AppDelegate.m */ = {isa = PBXFileReference; lastKnownFileType = sourcecode.c.objc; path = AppDelegate.m; sourceTree = "<group>"; };
		16CDDED61BB419B4002EDBD0 /* Assets.xcassets */ = {isa = PBXFileReference; lastKnownFileType = folder.assetcatalog; path = Assets.xcassets; sourceTree = "<group>"; };
		16CDDED91BB419B4002EDBD0 /* Base */ = {isa = PBXFileReference; lastKnownFileType = file.storyboard; name = Base; path = Base.lproj/LaunchScreen.storyboard; sourceTree = "<group>"; };
		16CDDEDB1BB419B4002EDBD0 /* Info.plist */ = {isa = PBXFileReference; lastKnownFileType = text.plist.xml; path = Info.plist; sourceTree = "<group>"; };
		16CDDEE01BB419B5002EDBD0 /* QQmusicDEMOTests.xctest */ = {isa = PBXFileReference; explicitFileType = wrapper.cfbundle; includeInIndex = 0; path = QQmusicDEMOTests.xctest; sourceTree = BUILT_PRODUCTS_DIR; };
		16CDDEE41BB419B5002EDBD0 /* QQmusicDEMOTests.m */ = {isa = PBXFileReference; lastKnownFileType = sourcecode.c.objc; path = QQmusicDEMOTests.m; sourceTree = "<group>"; };
		16CDDEE61BB419B5002EDBD0 /* Info.plist */ = {isa = PBXFileReference; lastKnownFileType = text.plist.xml; path = Info.plist; sourceTree = "<group>"; };
		16CDDEEB1BB419B5002EDBD0 /* QQmusicDEMOUITests.xctest */ = {isa = PBXFileReference; explicitFileType = wrapper.cfbundle; includeInIndex = 0; path = QQmusicDEMOUITests.xctest; sourceTree = BUILT_PRODUCTS_DIR; };
		16CDDEEF1BB419B5002EDBD0 /* QQmusicDEMOUITests.m */ = {isa = PBXFileReference; lastKnownFileType = sourcecode.c.objc; path = QQmusicDEMOUITests.m; sourceTree = "<group>"; };
		16CDDEF11BB419B5002EDBD0 /* Info.plist */ = {isa = PBXFileReference; lastKnownFileType = text.plist.xml; path = Info.plist; sourceTree = "<group>"; };
		16CDDEFD1BB41C3D002EDBD0 /* MusicViewController.h */ = {isa = PBXFileReference; fileEncoding = 4; lastKnownFileType = sourcecode.c.h; path = MusicViewController.h; sourceTree = "<group>"; };
		16CDDEFE1BB41C3D002EDBD0 /* MusicViewController.m */ = {isa = PBXFileReference; fileEncoding = 4; lastKnownFileType = sourcecode.c.objc; path = MusicViewController.m; sourceTree = "<group>"; };
		16CDDEFF1BB41C3D002EDBD0 /* MusicViewController.xib */ = {isa = PBXFileReference; fileEncoding = 4; lastKnownFileType = file.xib; path = MusicViewController.xib; sourceTree = "<group>"; };
		16CDDF021BB42194002EDBD0 /* anheqiao.jpg */ = {isa = PBXFileReference; lastKnownFileType = image.jpeg; path = anheqiao.jpg; sourceTree = "<group>"; };
		16CDDF051BB42301002EDBD0 /* gala.jpg */ = {isa = PBXFileReference; lastKnownFileType = image.jpeg; path = gala.jpg; sourceTree = "<group>"; };
		16CE82711BB5066A000605CC /* CoreImage.framework */ = {isa = PBXFileReference; lastKnownFileType = wrapper.framework; name = CoreImage.framework; path = System/Library/Frameworks/CoreImage.framework; sourceTree = SDKROOT; };
		16CE82721BB5066A000605CC /* ImageIO.framework */ = {isa = PBXFileReference; lastKnownFileType = wrapper.framework; name = ImageIO.framework; path = System/Library/Frameworks/ImageIO.framework; sourceTree = SDKROOT; };
		16CE82771BB521B0000605CC /* play.png */ = {isa = PBXFileReference; lastKnownFileType = image.png; path = play.png; sourceTree = "<group>"; };
		16CE827B1BB52381000605CC /* MediaPlayer.framework */ = {isa = PBXFileReference; lastKnownFileType = wrapper.framework; name = MediaPlayer.framework; path = System/Library/Frameworks/MediaPlayer.framework; sourceTree = SDKROOT; };
		16CE827D1BB52534000605CC /* AVFoundation.framework */ = {isa = PBXFileReference; lastKnownFileType = wrapper.framework; name = AVFoundation.framework; path = System/Library/Frameworks/AVFoundation.framework; sourceTree = SDKROOT; };
		16CE827F1BB529F0000605CC /* Musiclrc.h */ = {isa = PBXFileReference; fileEncoding = 4; lastKnownFileType = sourcecode.c.h; path = Musiclrc.h; sourceTree = "<group>"; };
		16CE82801BB529F0000605CC /* Musiclrc.m */ = {isa = PBXFileReference; fileEncoding = 4; lastKnownFileType = sourcecode.c.objc; path = Musiclrc.m; sourceTree = "<group>"; };
		16CE82821BB52BCA000605CC /* gala.lrc */ = {isa = PBXFileReference; fileEncoding = 4; lastKnownFileType = text; path = gala.lrc; sourceTree = "<group>"; };
		16CE82831BB52BCA000605CC /* gala.mp3 */ = {isa = PBXFileReference; lastKnownFileType = audio.mp3; path = gala.mp3; sourceTree = "<group>"; };
/* End PBXFileReference section */

/* Begin PBXFrameworksBuildPhase section */
		16CDDEC41BB419B4002EDBD0 /* Frameworks */ = {
			isa = PBXFrameworksBuildPhase;
			buildActionMask = 2147483647;
			files = (
				16CE827E1BB52535000605CC /* AVFoundation.framework in Frameworks */,
				16CE82731BB5066A000605CC /* CoreImage.framework in Frameworks */,
			);
			runOnlyForDeploymentPostprocessing = 0;
		};
		16CDDEDD1BB419B5002EDBD0 /* Frameworks */ = {
			isa = PBXFrameworksBuildPhase;
			buildActionMask = 2147483647;
			files = (
			);
			runOnlyForDeploymentPostprocessing = 0;
		};
		16CDDEE81BB419B5002EDBD0 /* Frameworks */ = {
			isa = PBXFrameworksBuildPhase;
			buildActionMask = 2147483647;
			files = (
			);
			runOnlyForDeploymentPostprocessing = 0;
		};
/* End PBXFrameworksBuildPhase section */

/* Begin PBXGroup section */
		16CDDEBE1BB419B4002EDBD0 = {
			isa = PBXGroup;
			children = (
				16CE827D1BB52534000605CC /* AVFoundation.framework */,
				16CE827B1BB52381000605CC /* MediaPlayer.framework */,
				16CE82711BB5066A000605CC /* CoreImage.framework */,
				16CE82721BB5066A000605CC /* ImageIO.framework */,
				16CDDEC91BB419B4002EDBD0 /* QQmusicDEMO */,
				16CDDEE31BB419B5002EDBD0 /* QQmusicDEMOTests */,
				16CDDEEE1BB419B5002EDBD0 /* QQmusicDEMOUITests */,
				16CDDEC81BB419B4002EDBD0 /* Products */,
			);
			sourceTree = "<group>";
		};
		16CDDEC81BB419B4002EDBD0 /* Products */ = {
			isa = PBXGroup;
			children = (
				16CDDEC71BB419B4002EDBD0 /* QQmusicDEMO.app */,
				16CDDEE01BB419B5002EDBD0 /* QQmusicDEMOTests.xctest */,
				16CDDEEB1BB419B5002EDBD0 /* QQmusicDEMOUITests.xctest */,
			);
			name = Products;
			sourceTree = "<group>";
		};
		16CDDEC91BB419B4002EDBD0 /* QQmusicDEMO */ = {
			isa = PBXGroup;
			children = (
				16CDDF041BB42198002EDBD0 /* Img */,
				16CDDECD1BB419B4002EDBD0 /* AppDelegate.h */,
				16CDDECE1BB419B4002EDBD0 /* AppDelegate.m */,
				16CDDEFD1BB41C3D002EDBD0 /* MusicViewController.h */,
				16CDDEFE1BB41C3D002EDBD0 /* MusicViewController.m */,
				16CE827F1BB529F0000605CC /* Musiclrc.h */,
				16CE82801BB529F0000605CC /* Musiclrc.m */,
				16CDDEFF1BB41C3D002EDBD0 /* MusicViewController.xib */,
				16CDDED61BB419B4002EDBD0 /* Assets.xcassets */,
				16CDDED81BB419B4002EDBD0 /* LaunchScreen.storyboard */,
				16CDDEDB1BB419B4002EDBD0 /* Info.plist */,
				16CDDECA1BB419B4002EDBD0 /* Supporting Files */,
			);
			path = QQmusicDEMO;
			sourceTree = "<group>";
		};
		16CDDECA1BB419B4002EDBD0 /* Supporting Files */ = {
			isa = PBXGroup;
			children = (
				16CDDECB1BB419B4002EDBD0 /* main.m */,
			);
			name = "Supporting Files";
			sourceTree = "<group>";
		};
		16CDDEE31BB419B5002EDBD0 /* QQmusicDEMOTests */ = {
			isa = PBXGroup;
			children = (
				16CDDEE41BB419B5002EDBD0 /* QQmusicDEMOTests.m */,
				16CDDEE61BB419B5002EDBD0 /* Info.plist */,
			);
			path = QQmusicDEMOTests;
			sourceTree = "<group>";
		};
		16CDDEEE1BB419B5002EDBD0 /* QQmusicDEMOUITests */ = {
			isa = PBXGroup;
			children = (
				16CDDEEF1BB419B5002EDBD0 /* QQmusicDEMOUITests.m */,
				16CDDEF11BB419B5002EDBD0 /* Info.plist */,
			);
			path = QQmusicDEMOUITests;
			sourceTree = "<group>";
		};
		16CDDF041BB42198002EDBD0 /* Img */ = {
			isa = PBXGroup;
			children = (
				16CDDF021BB42194002EDBD0 /* anheqiao.jpg */,
				16CE82771BB521B0000605CC /* play.png */,
				16CDDF051BB42301002EDBD0 /* gala.jpg */,
				16CE82821BB52BCA000605CC /* gala.lrc */,
				16CE82831BB52BCA000605CC /* gala.mp3 */,
			);
			name = Img;
			sourceTree = "<group>";
		};
/* End PBXGroup section */

/* Begin PBXNativeTarget section */
		16CDDEC61BB419B4002EDBD0 /* QQmusicDEMO */ = {
			isa = PBXNativeTarget;
			buildConfigurationList = 16CDDEF41BB419B5002EDBD0 /* Build configuration list for PBXNativeTarget "QQmusicDEMO" */;
			buildPhases = (
				16CDDEC31BB419B4002EDBD0 /* Sources */,
				16CDDEC41BB419B4002EDBD0 /* Frameworks */,
				16CDDEC51BB419B4002EDBD0 /* Resources */,
			);
			buildRules = (
			);
			dependencies = (
			);
			name = QQmusicDEMO;
			productName = QQmusicDEMO;
			productReference = 16CDDEC71BB419B4002EDBD0 /* QQmusicDEMO.app */;
			productType = "com.apple.product-type.application";
		};
		16CDDEDF1BB419B5002EDBD0 /* QQmusicDEMOTests */ = {
			isa = PBXNativeTarget;
			buildConfigurationList = 16CDDEF71BB419B5002EDBD0 /* Build configuration list for PBXNativeTarget "QQmusicDEMOTests" */;
			buildPhases = (
				16CDDEDC1BB419B5002EDBD0 /* Sources */,
				16CDDEDD1BB419B5002EDBD0 /* Frameworks */,
				16CDDEDE1BB419B5002EDBD0 /* Resources */,
			);
			buildRules = (
			);
			dependencies = (
				16CDDEE21BB419B5002EDBD0 /* PBXTargetDependency */,
			);
			name = QQmusicDEMOTests;
			productName = QQmusicDEMOTests;
			productReference = 16CDDEE01BB419B5002EDBD0 /* QQmusicDEMOTests.xctest */;
			productType = "com.apple.product-type.bundle.unit-test";
		};
		16CDDEEA1BB419B5002EDBD0 /* QQmusicDEMOUITests */ = {
			isa = PBXNativeTarget;
			buildConfigurationList = 16CDDEFA1BB419B5002EDBD0 /* Build configuration list for PBXNativeTarget "QQmusicDEMOUITests" */;
			buildPhases = (
				16CDDEE71BB419B5002EDBD0 /* Sources */,
				16CDDEE81BB419B5002EDBD0 /* Frameworks */,
				16CDDEE91BB419B5002EDBD0 /* Resources */,
			);
			buildRules = (
			);
			dependencies = (
				16CDDEED1BB419B5002EDBD0 /* PBXTargetDependency */,
			);
			name = QQmusicDEMOUITests;
			productName = QQmusicDEMOUITests;
			productReference = 16CDDEEB1BB419B5002EDBD0 /* QQmusicDEMOUITests.xctest */;
			productType = "com.apple.product-type.bundle.ui-testing";
		};
/* End PBXNativeTarget section */

/* Begin PBXProject section */
		16CDDEBF1BB419B4002EDBD0 /* Project object */ = {
			isa = PBXProject;
			attributes = {
				LastUpgradeCheck = 0700;
				ORGANIZATIONNAME = invoker;
				TargetAttributes = {
					16CDDEC61BB419B4002EDBD0 = {
						CreatedOnToolsVersion = 7.0;
					};
					16CDDEDF1BB419B5002EDBD0 = {
						CreatedOnToolsVersion = 7.0;
						TestTargetID = 16CDDEC61BB419B4002EDBD0;
					};
					16CDDEEA1BB419B5002EDBD0 = {
						CreatedOnToolsVersion = 7.0;
						TestTargetID = 16CDDEC61BB419B4002EDBD0;
					};
				};
			};
			buildConfigurationList = 16CDDEC21BB419B4002EDBD0 /* Build configuration list for PBXProject "QQmusicDEMO" */;
			compatibilityVersion = "Xcode 3.2";
			developmentRegion = English;
			hasScannedForEncodings = 0;
			knownRegions = (
				en,
				Base,
			);
			mainGroup = 16CDDEBE1BB419B4002EDBD0;
			productRefGroup = 16CDDEC81BB419B4002EDBD0 /* Products */;
			projectDirPath = "";
			projectRoot = "";
			targets = (
				16CDDEC61BB419B4002EDBD0 /* QQmusicDEMO */,
				16CDDEDF1BB419B5002EDBD0 /* QQmusicDEMOTests */,
				16CDDEEA1BB419B5002EDBD0 /* QQmusicDEMOUITests */,
			);
		};
/* End PBXProject section */

/* Begin PBXResourcesBuildPhase section */
		16CDDEC51BB419B4002EDBD0 /* Resources */ = {
			isa = PBXResourcesBuildPhase;
			buildActionMask = 2147483647;
			files = (
				16CDDF011BB41C3D002EDBD0 /* MusicViewController.xib in Resources */,
				16CE82841BB52BCA000605CC /* gala.lrc in Resources */,
				16CE82851BB52BCA000605CC /* gala.mp3 in Resources */,
				16CE82781BB521B0000605CC /* play.png in Resources */,
				16CDDF061BB42301002EDBD0 /* gala.jpg in Resources */,
				16CDDF031BB42194002EDBD0 /* anheqiao.jpg in Resources */,
				16CDDEDA1BB419B4002EDBD0 /* LaunchScreen.storyboard in Resources */,
				16CDDED71BB419B4002EDBD0 /* Assets.xcassets in Resources */,
			);
			runOnlyForDeploymentPostprocessing = 0;
		};
		16CDDEDE1BB419B5002EDBD0 /* Resources */ = {
			isa = PBXResourcesBuildPhase;
			buildActionMask = 2147483647;
			files = (
			);
			runOnlyForDeploymentPostprocessing = 0;
		};
		16CDDEE91BB419B5002EDBD0 /* Resources */ = {
			isa = PBXResourcesBuildPhase;
			buildActionMask = 2147483647;
			files = (
			);
			runOnlyForDeploymentPostprocessing = 0;
		};
/* End PBXResourcesBuildPhase section */

/* Begin PBXSourcesBuildPhase section */
		16CDDEC31BB419B4002EDBD0 /* Sources */ = {
			isa = PBXSourcesBuildPhase;
			buildActionMask = 2147483647;
			files = (
				16CDDF001BB41C3D002EDBD0 /* MusicViewController.m in Sources */,
				16CDDECF1BB419B4002EDBD0 /* AppDelegate.m in Sources */,
				16CDDECC1BB419B4002EDBD0 /* main.m in Sources */,
				16CE82811BB529F0000605CC /* Musiclrc.m in Sources */,
			);
			runOnlyForDeploymentPostprocessing = 0;
		};
		16CDDEDC1BB419B5002EDBD0 /* Sources */ = {
			isa = PBXSourcesBuildPhase;
			buildActionMask = 2147483647;
			files = (
				16CDDEE51BB419B5002EDBD0 /* QQmusicDEMOTests.m in Sources */,
			);
			runOnlyForDeploymentPostprocessing = 0;
		};
		16CDDEE71BB419B5002EDBD0 /* Sources */ = {
			isa = PBXSourcesBuildPhase;
			buildActionMask = 2147483647;
			files = (
				16CDDEF01BB419B5002EDBD0 /* QQmusicDEMOUITests.m in Sources */,
			);
			runOnlyForDeploymentPostprocessing = 0;
		};
/* End PBXSourcesBuildPhase section */

/* Begin PBXTargetDependency section */
		16CDDEE21BB419B5002EDBD0 /* PBXTargetDependency */ = {
			isa = PBXTargetDependency;
			target = 16CDDEC61BB419B4002EDBD0 /* QQmusicDEMO */;
			targetProxy = 16CDDEE11BB419B5002EDBD0 /* PBXContainerItemProxy */;
		};
		16CDDEED1BB419B5002EDBD0 /* PBXTargetDependency */ = {
			isa = PBXTargetDependency;
			target = 16CDDEC61BB419B4002EDBD0 /* QQmusicDEMO */;
			targetProxy = 16CDDEEC1BB419B5002EDBD0 /* PBXContainerItemProxy */;
		};
/* End PBXTargetDependency section */

/* Begin PBXVariantGroup section */
		16CDDED81BB419B4002EDBD0 /* LaunchScreen.storyboard */ = {
			isa = PBXVariantGroup;
			children = (
				16CDDED91BB419B4002EDBD0 /* Base */,
			);
			name = LaunchScreen.storyboard;
			sourceTree = "<group>";
		};
/* End PBXVariantGroup section */

/* Begin XCBuildConfiguration section */
		16CDDEF21BB419B5002EDBD0 /* Debug */ = {
			isa = XCBuildConfiguration;
			buildSettings = {
				ALWAYS_SEARCH_USER_PATHS = NO;
				CLANG_CXX_LANGUAGE_STANDARD = "gnu++0x";
				CLANG_CXX_LIBRARY = "libc++";
				CLANG_ENABLE_MODULES = YES;
				CLANG_ENABLE_OBJC_ARC = YES;
				CLANG_WARN_BOOL_CONVERSION = YES;
				CLANG_WARN_CONSTANT_CONVERSION = YES;
				CLANG_WARN_DIRECT_OBJC_ISA_USAGE = YES_ERROR;
				CLANG_WARN_EMPTY_BODY = YES;
				CLANG_WARN_ENUM_CONVERSION = YES;
				CLANG_WARN_INT_CONVERSION = YES;
				CLANG_WARN_OBJC_ROOT_CLASS = YES_ERROR;
				CLANG_WARN_UNREACHABLE_CODE = YES;
				CLANG_WARN__DUPLICATE_METHOD_MATCH = YES;
				"CODE_SIGN_IDENTITY[sdk=iphoneos*]" = "iPhone Developer";
				COPY_PHASE_STRIP = NO;
				DEBUG_INFORMATION_FORMAT = dwarf;
				ENABLE_STRICT_OBJC_MSGSEND = YES;
				ENABLE_TESTABILITY = YES;
				GCC_C_LANGUAGE_STANDARD = gnu99;
				GCC_DYNAMIC_NO_PIC = NO;
				GCC_NO_COMMON_BLOCKS = YES;
				GCC_OPTIMIZATION_LEVEL = 0;
				GCC_PREPROCESSOR_DEFINITIONS = (
					"DEBUG=1",
					"$(inherited)",
				);
				GCC_WARN_64_TO_32_BIT_CONVERSION = YES;
				GCC_WARN_ABOUT_RETURN_TYPE = YES_ERROR;
				GCC_WARN_UNDECLARED_SELECTOR = YES;
				GCC_WARN_UNINITIALIZED_AUTOS = YES_AGGRESSIVE;
				GCC_WARN_UNUSED_FUNCTION = YES;
				GCC_WARN_UNUSED_VARIABLE = YES;
				IPHONEOS_DEPLOYMENT_TARGET = 8.0;
				MTL_ENABLE_DEBUG_INFO = YES;
				ONLY_ACTIVE_ARCH = YES;
				SDKROOT = iphoneos;
			};
			name = Debug;
		};
		16CDDEF31BB419B5002EDBD0 /* Release */ = {
			isa = XCBuildConfiguration;
			buildSettings = {
				ALWAYS_SEARCH_USER_PATHS = NO;
				CLANG_CXX_LANGUAGE_STANDARD = "gnu++0x";
				CLANG_CXX_LIBRARY = "libc++";
				CLANG_ENABLE_MODULES = YES;
				CLANG_ENABLE_OBJC_ARC = YES;
				CLANG_WARN_BOOL_CONVERSION = YES;
				CLANG_WARN_CONSTANT_CONVERSION = YES;
				CLANG_WARN_DIRECT_OBJC_ISA_USAGE = YES_ERROR;
				CLANG_WARN_EMPTY_BODY = YES;
				CLANG_WARN_ENUM_CONVERSION = YES;
				CLANG_WARN_INT_CONVERSION = YES;
				CLANG_WARN_OBJC_ROOT_CLASS = YES_ERROR;
				CLANG_WARN_UNREACHABLE_CODE = YES;
				CLANG_WARN__DUPLICATE_METHOD_MATCH = YES;
				"CODE_SIGN_IDENTITY[sdk=iphoneos*]" = "iPhone Developer";
				COPY_PHASE_STRIP = NO;
				DEBUG_INFORMATION_FORMAT = "dwarf-with-dsym";
				ENABLE_NS_ASSERTIONS = NO;
				ENABLE_STRICT_OBJC_MSGSEND = YES;
				GCC_C_LANGUAGE_STANDARD = gnu99;
				GCC_NO_COMMON_BLOCKS = YES;
				GCC_WARN_64_TO_32_BIT_CONVERSION = YES;
				GCC_WARN_ABOUT_RETURN_TYPE = YES_ERROR;
				GCC_WARN_UNDECLARED_SELECTOR = YES;
				GCC_WARN_UNINITIALIZED_AUTOS = YES_AGGRESSIVE;
				GCC_WARN_UNUSED_FUNCTION = YES;
				GCC_WARN_UNUSED_VARIABLE = YES;
				IPHONEOS_DEPLOYMENT_TARGET = 8.0;
				MTL_ENABLE_DEBUG_INFO = NO;
				SDKROOT = iphoneos;
				VALIDATE_PRODUCT = YES;
			};
			name = Release;
		};
		16CDDEF51BB419B5002EDBD0 /* Debug */ = {
			isa = XCBuildConfiguration;
			buildSettings = {
				ASSETCATALOG_COMPILER_APPICON_NAME = AppIcon;
				INFOPLIST_FILE = QQmusicDEMO/Info.plist;
				IPHONEOS_DEPLOYMENT_TARGET = 8.0;
				LD_RUNPATH_SEARCH_PATHS = "$(inherited) @executable_path/Frameworks";
				PRODUCT_BUNDLE_IDENTIFIER = invoker.QQmusicDEMO;
				PRODUCT_NAME = "$(TARGET_NAME)";
			};
			name = Debug;
		};
		16CDDEF61BB419B5002EDBD0 /* Release */ = {
			isa = XCBuildConfiguration;
			buildSettings = {
				ASSETCATALOG_COMPILER_APPICON_NAME = AppIcon;
				INFOPLIST_FILE = QQmusicDEMO/Info.plist;
				IPHONEOS_DEPLOYMENT_TARGET = 8.0;
				LD_RUNPATH_SEARCH_PATHS = "$(inherited) @executable_path/Frameworks";
				PRODUCT_BUNDLE_IDENTIFIER = invoker.QQmusicDEMO;
				PRODUCT_NAME = "$(TARGET_NAME)";
			};
			name = Release;
		};
		16CDDEF81BB419B5002EDBD0 /* Debug */ = {
			isa = XCBuildConfiguration;
			buildSettings = {
				BUNDLE_LOADER = "$(TEST_HOST)";
				INFOPLIST_FILE = QQmusicDEMOTests/Info.plist;
				LD_RUNPATH_SEARCH_PATHS = "$(inherited) @executable_path/Frameworks @loader_path/Frameworks";
				PRODUCT_BUNDLE_IDENTIFIER = invoker.QQmusicDEMOTests;
				PRODUCT_NAME = "$(TARGET_NAME)";
				TEST_HOST = "$(BUILT_PRODUCTS_DIR)/QQmusicDEMO.app/QQmusicDEMO";
			};
			name = Debug;
		};
		16CDDEF91BB419B5002EDBD0 /* Release */ = {
			isa = XCBuildConfiguration;
			buildSettings = {
				BUNDLE_LOADER = "$(TEST_HOST)";
				INFOPLIST_FILE = QQmusicDEMOTests/Info.plist;
				LD_RUNPATH_SEARCH_PATHS = "$(inherited) @executable_path/Frameworks @loader_path/Frameworks";
				PRODUCT_BUNDLE_IDENTIFIER = invoker.QQmusicDEMOTests;
				PRODUCT_NAME = "$(TARGET_NAME)";
				TEST_HOST = "$(BUILT_PRODUCTS_DIR)/QQmusicDEMO.app/QQmusicDEMO";
			};
			name = Release;
		};
		16CDDEFB1BB419B5002EDBD0 /* Debug */ = {
			isa = XCBuildConfiguration;
			buildSettings = {
				INFOPLIST_FILE = QQmusicDEMOUITests/Info.plist;
				LD_RUNPATH_SEARCH_PATHS = "$(inherited) @executable_path/Frameworks @loader_path/Frameworks";
				PRODUCT_BUNDLE_IDENTIFIER = invoker.QQmusicDEMOUITests;
				PRODUCT_NAME = "$(TARGET_NAME)";
				TEST_TARGET_NAME = QQmusicDEMO;
				USES_XCTRUNNER = YES;
			};
			name = Debug;
		};
		16CDDEFC1BB419B5002EDBD0 /* Release */ = {
			isa = XCBuildConfiguration;
			buildSettings = {
				INFOPLIST_FILE = QQmusicDEMOUITests/Info.plist;
				LD_RUNPATH_SEARCH_PATHS = "$(inherited) @executable_path/Frameworks @loader_path/Frameworks";
				PRODUCT_BUNDLE_IDENTIFIER = invoker.QQmusicDEMOUITests;
				PRODUCT_NAME = "$(TARGET_NAME)";
				TEST_TARGET_NAME = QQmusicDEMO;
				USES_XCTRUNNER = YES;
			};
			name = Release;
		};
/* End XCBuildConfiguration section */

/* Begin XCConfigurationList section */
		16CDDEC21BB419B4002EDBD0 /* Build configuration list for PBXProject "QQmusicDEMO" */ = {
			isa = XCConfigurationList;
			buildConfigurations = (
				16CDDEF21BB419B5002EDBD0 /* Debug */,
				16CDDEF31BB419B5002EDBD0 /* Release */,
			);
			defaultConfigurationIsVisible = 0;
			defaultConfigurationName = Release;
		};
		16CDDEF41BB419B5002EDBD0 /* Build configuration list for PBXNativeTarget "QQmusicDEMO" */ = {
			isa = XCConfigurationList;
			buildConfigurations = (
				16CDDEF51BB419B5002EDBD0 /* Debug */,
				16CDDEF61BB419B5002EDBD0 /* Release */,
			);
			defaultConfigurationIsVisible = 0;
			defaultConfigurationName = Release;
		};
		16CDDEF71BB419B5002EDBD0 /* Build configuration list for PBXNativeTarget "QQmusicDEMOTests" */ = {
			isa = XCConfigurationList;
			buildConfigurations = (
				16CDDEF81BB419B5002EDBD0 /* Debug */,
				16CDDEF91BB419B5002EDBD0 /* Release */,
			);
			defaultConfigurationIsVisible = 0;
			defaultConfigurationName = Release;
		};
		16CDDEFA1BB419B5002EDBD0 /* Build configuration list for PBXNativeTarget "QQmusicDEMOUITests" */ = {
			isa = XCConfigurationList;
			buildConfigurations = (
				16CDDEFB1BB419B5002EDBD0 /* Debug */,
				16CDDEFC1BB419B5002EDBD0 /* Release */,
			);
			defaultConfigurationIsVisible = 0;
			defaultConfigurationName = Release;
		};
/* End XCConfigurationList section */
	};
	rootObject = 16CDDEBF1BB419B4002EDBD0 /* Project object */;
}
